// !$*UTF8*$!
{
	archiveVersion = 1;
	classes = {
	};
	objectVersion = 46;
	objects = {

/* Begin PBXBuildFile section */
		C36BB2E51DCE309100D07F7A /* AppDelegate.swift in Sources */ = {isa = PBXBuildFile; fileRef = C36BB2E41DCE309100D07F7A /* AppDelegate.swift */; };
		C36BB2E71DCE309100D07F7A /* ViewController.swift in Sources */ = {isa = PBXBuildFile; fileRef = C36BB2E61DCE309100D07F7A /* ViewController.swift */; };
		C36BB2FA1DCE309200D07F7A /* VideoLoopTests.swift in Sources */ = {isa = PBXBuildFile; fileRef = C36BB2F91DCE309200D07F7A /* VideoLoopTests.swift */; };
		C36BB3051DCE309200D07F7A /* VideoLoopUITests.swift in Sources */ = {isa = PBXBuildFile; fileRef = C36BB3041DCE309200D07F7A /* VideoLoopUITests.swift */; };
		C38F972C1DCE384100BD113D /* Default-568h@2x.png in Resources */ = {isa = PBXBuildFile; fileRef = C38F972B1DCE384100BD113D /* Default-568h@2x.png */; };
		C38F972F1DCE384A00BD113D /* Trimmer.swift in Sources */ = {isa = PBXBuildFile; fileRef = C38F972D1DCE384A00BD113D /* Trimmer.swift */; };
		C38F97301DCE384A00BD113D /* VideoLoopController.swift in Sources */ = {isa = PBXBuildFile; fileRef = C38F972E1DCE384A00BD113D /* VideoLoopController.swift */; };
		C38F97351DCE3FF000BD113D /* btnRegister.png in Resources */ = {isa = PBXBuildFile; fileRef = C38F97311DCE3FF000BD113D /* btnRegister.png */; };
		C38F97361DCE3FF000BD113D /* btnSignin.png in Resources */ = {isa = PBXBuildFile; fileRef = C38F97321DCE3FF000BD113D /* btnSignin.png */; };
		C38F97371DCE3FF000BD113D /* Museo500-Regular.otf in Resources */ = {isa = PBXBuildFile; fileRef = C38F97331DCE3FF000BD113D /* Museo500-Regular.otf */; };
		C38F97381DCE3FF000BD113D /* test.mp4 in Resources */ = {isa = PBXBuildFile; fileRef = C38F97341DCE3FF000BD113D /* test.mp4 */; };
/* End PBXBuildFile section */

/* Begin PBXContainerItemProxy section */
		C36BB2F61DCE309200D07F7A /* PBXContainerItemProxy */ = {
			isa = PBXContainerItemProxy;
			containerPortal = C36BB2D91DCE309100D07F7A /* Project object */;
			proxyType = 1;
			remoteGlobalIDString = C36BB2E01DCE309100D07F7A;
			remoteInfo = VideoLoop;
		};
		C36BB3011DCE309200D07F7A /* PBXContainerItemProxy */ = {
			isa = PBXContainerItemProxy;
			containerPortal = C36BB2D91DCE309100D07F7A /* Project object */;
			proxyType = 1;
			remoteGlobalIDString = C36BB2E01DCE309100D07F7A;
			remoteInfo = VideoLoop;
		};
/* End PBXContainerItemProxy section */

/* Begin PBXFileReference section */
		C36BB2E11DCE309100D07F7A /* VideoLoop.app */ = {isa = PBXFileReference; explicitFileType = wrapper.application; includeInIndex = 0; path = VideoLoop.app; sourceTree = BUILT_PRODUCTS_DIR; };
		C36BB2E41DCE309100D07F7A /* AppDelegate.swift */ = {isa = PBXFileReference; lastKnownFileType = sourcecode.swift; path = AppDelegate.swift; sourceTree = "<group>"; };
		C36BB2E61DCE309100D07F7A /* ViewController.swift */ = {isa = PBXFileReference; lastKnownFileType = sourcecode.swift; path = ViewController.swift; sourceTree = "<group>"; };
		C36BB2F01DCE309100D07F7A /* Info.plist */ = {isa = PBXFileReference; lastKnownFileType = text.plist.xml; path = Info.plist; sourceTree = "<group>"; };
		C36BB2F51DCE309200D07F7A /* VideoLoopTests.xctest */ = {isa = PBXFileReference; explicitFileType = wrapper.cfbundle; includeInIndex = 0; path = VideoLoopTests.xctest; sourceTree = BUILT_PRODUCTS_DIR; };
		C36BB2F91DCE309200D07F7A /* VideoLoopTests.swift */ = {isa = PBXFileReference; lastKnownFileType = sourcecode.swift; path = VideoLoopTests.swift; sourceTree = "<group>"; };
		C36BB2FB1DCE309200D07F7A /* Info.plist */ = {isa = PBXFileReference; lastKnownFileType = text.plist.xml; path = Info.plist; sourceTree = "<group>"; };
		C36BB3001DCE309200D07F7A /* VideoLoopUITests.xctest */ = {isa = PBXFileReference; explicitFileType = wrapper.cfbundle; includeInIndex = 0; path = VideoLoopUITests.xctest; sourceTree = BUILT_PRODUCTS_DIR; };
		C36BB3041DCE309200D07F7A /* VideoLoopUITests.swift */ = {isa = PBXFileReference; lastKnownFileType = sourcecode.swift; path = VideoLoopUITests.swift; sourceTree = "<group>"; };
		C36BB3061DCE309200D07F7A /* Info.plist */ = {isa = PBXFileReference; lastKnownFileType = text.plist.xml; path = Info.plist; sourceTree = "<group>"; };
		C38F972B1DCE384100BD113D /* Default-568h@2x.png */ = {isa = PBXFileReference; lastKnownFileType = image.png; name = "Default-568h@2x.png"; path = "Resources/Default-568h@2x.png"; sourceTree = "<group>"; };
		C38F972D1DCE384A00BD113D /* Trimmer.swift */ = {isa = PBXFileReference; fileEncoding = 4; lastKnownFileType = sourcecode.swift; name = Trimmer.swift; path = Source/Trimmer.swift; sourceTree = "<group>"; };
		C38F972E1DCE384A00BD113D /* VideoLoopController.swift */ = {isa = PBXFileReference; fileEncoding = 4; lastKnownFileType = sourcecode.swift; name = VideoLoopController.swift; path = Source/VideoLoopController.swift; sourceTree = "<group>"; };
		C38F97311DCE3FF000BD113D /* btnRegister.png */ = {isa = PBXFileReference; lastKnownFileType = image.png; name = btnRegister.png; path = Resources/btnRegister.png; sourceTree = "<group>"; };
		C38F97321DCE3FF000BD113D /* btnSignin.png */ = {isa = PBXFileReference; lastKnownFileType = image.png; name = btnSignin.png; path = Resources/btnSignin.png; sourceTree = "<group>"; };
		C38F97331DCE3FF000BD113D /* Museo500-Regular.otf */ = {isa = PBXFileReference; lastKnownFileType = file; name = "Museo500-Regular.otf"; path = "Resources/Museo500-Regular.otf"; sourceTree = "<group>"; };
		C38F97341DCE3FF000BD113D /* test.mp4 */ = {isa = PBXFileReference; lastKnownFileType = file; name = test.mp4; path = Resources/test.mp4; sourceTree = "<group>"; };
		C38F973A1DCE800500BD113D /* AVKit.framework */ = {isa = PBXFileReference; lastKnownFileType = wrapper.framework; name = AVKit.framework; path = System/Library/Frameworks/AVKit.framework; sourceTree = SDKROOT; };
/* End PBXFileReference section */

/* Begin PBXFrameworksBuildPhase section */
		C36BB2DE1DCE309100D07F7A /* Frameworks */ = {
			isa = PBXFrameworksBuildPhase;
			buildActionMask = 2147483647;
			files = (
			);
			runOnlyForDeploymentPostprocessing = 0;
		};
		C36BB2F21DCE309200D07F7A /* Frameworks */ = {
			isa = PBXFrameworksBuildPhase;
			buildActionMask = 2147483647;
			files = (
			);
			runOnlyForDeploymentPostprocessing = 0;
		};
		C36BB2FD1DCE309200D07F7A /* Frameworks */ = {
			isa = PBXFrameworksBuildPhase;
			buildActionMask = 2147483647;
			files = (
			);
			runOnlyForDeploymentPostprocessing = 0;
		};
/* End PBXFrameworksBuildPhase section */

/* Begin PBXGroup section */
		C36BB2D81DCE309100D07F7A = {
			isa = PBXGroup;
			children = (
				C36BB2E31DCE309100D07F7A /* VideoLoop */,
				C36BB2F81DCE309200D07F7A /* VideoLoopTests */,
				C36BB3031DCE309200D07F7A /* VideoLoopUITests */,
				C36BB2E21DCE309100D07F7A /* Products */,
				C38F97391DCE800500BD113D /* Frameworks */,
			);
			sourceTree = "<group>";
		};
		C36BB2E21DCE309100D07F7A /* Products */ = {
			isa = PBXGroup;
			children = (
				C36BB2E11DCE309100D07F7A /* VideoLoop.app */,
				C36BB2F51DCE309200D07F7A /* VideoLoopTests.xctest */,
				C36BB3001DCE309200D07F7A /* VideoLoopUITests.xctest */,
			);
			name = Products;
			sourceTree = "<group>";
		};
		C36BB2E31DCE309100D07F7A /* VideoLoop */ = {
			isa = PBXGroup;
			children = (
				C36BB2E41DCE309100D07F7A /* AppDelegate.swift */,
				C36BB2E61DCE309100D07F7A /* ViewController.swift */,
				C38F97291DCE382100BD113D /* Source */,
				C38F972A1DCE382600BD113D /* Resources */,
				C36BB2F01DCE309100D07F7A /* Info.plist */,
			);
			path = VideoLoop;
			sourceTree = "<group>";
		};
		C36BB2F81DCE309200D07F7A /* VideoLoopTests */ = {
			isa = PBXGroup;
			children = (
				C36BB2F91DCE309200D07F7A /* VideoLoopTests.swift */,
				C36BB2FB1DCE309200D07F7A /* Info.plist */,
			);
			path = VideoLoopTests;
			sourceTree = "<group>";
		};
		C36BB3031DCE309200D07F7A /* VideoLoopUITests */ = {
			isa = PBXGroup;
			children = (
				C36BB3041DCE309200D07F7A /* VideoLoopUITests.swift */,
				C36BB3061DCE309200D07F7A /* Info.plist */,
			);
			path = VideoLoopUITests;
			sourceTree = "<group>";
		};
		C38F97291DCE382100BD113D /* Source */ = {
			isa = PBXGroup;
			children = (
				C38F972D1DCE384A00BD113D /* Trimmer.swift */,
				C38F972E1DCE384A00BD113D /* VideoLoopController.swift */,
			);
			name = Source;
			sourceTree = "<group>";
		};
		C38F972A1DCE382600BD113D /* Resources */ = {
			isa = PBXGroup;
			children = (
				C38F97311DCE3FF000BD113D /* btnRegister.png */,
				C38F97321DCE3FF000BD113D /* btnSignin.png */,
				C38F97331DCE3FF000BD113D /* Museo500-Regular.otf */,
				C38F97341DCE3FF000BD113D /* test.mp4 */,
				C38F972B1DCE384100BD113D /* Default-568h@2x.png */,
			);
			name = Resources;
			sourceTree = "<group>";
		};
		C38F97391DCE800500BD113D /* Frameworks */ = {
			isa = PBXGroup;
			children = (
				C38F973A1DCE800500BD113D /* AVKit.framework */,
			);
			name = Frameworks;
			sourceTree = "<group>";
		};
/* End PBXGroup section */

/* Begin PBXNativeTarget section */
		C36BB2E01DCE309100D07F7A /* VideoLoop */ = {
			isa = PBXNativeTarget;
			buildConfigurationList = C36BB3091DCE309200D07F7A /* Build configuration list for PBXNativeTarget "VideoLoop" */;
			buildPhases = (
				C36BB2DD1DCE309100D07F7A /* Sources */,
				C36BB2DE1DCE309100D07F7A /* Frameworks */,
				C36BB2DF1DCE309100D07F7A /* Resources */,
			);
			buildRules = (
			);
			dependencies = (
			);
			name = VideoLoop;
			productName = VideoLoop;
			productReference = C36BB2E11DCE309100D07F7A /* VideoLoop.app */;
			productType = "com.apple.product-type.application";
		};
		C36BB2F41DCE309200D07F7A /* VideoLoopTests */ = {
			isa = PBXNativeTarget;
			buildConfigurationList = C36BB30C1DCE309200D07F7A /* Build configuration list for PBXNativeTarget "VideoLoopTests" */;
			buildPhases = (
				C36BB2F11DCE309200D07F7A /* Sources */,
				C36BB2F21DCE309200D07F7A /* Frameworks */,
				C36BB2F31DCE309200D07F7A /* Resources */,
			);
			buildRules = (
			);
			dependencies = (
				C36BB2F71DCE309200D07F7A /* PBXTargetDependency */,
			);
			name = VideoLoopTests;
			productName = VideoLoopTests;
			productReference = C36BB2F51DCE309200D07F7A /* VideoLoopTests.xctest */;
			productType = "com.apple.product-type.bundle.unit-test";
		};
		C36BB2FF1DCE309200D07F7A /* VideoLoopUITests */ = {
			isa = PBXNativeTarget;
			buildConfigurationList = C36BB30F1DCE309200D07F7A /* Build configuration list for PBXNativeTarget "VideoLoopUITests" */;
			buildPhases = (
				C36BB2FC1DCE309200D07F7A /* Sources */,
				C36BB2FD1DCE309200D07F7A /* Frameworks */,
				C36BB2FE1DCE309200D07F7A /* Resources */,
			);
			buildRules = (
			);
			dependencies = (
				C36BB3021DCE309200D07F7A /* PBXTargetDependency */,
			);
			name = VideoLoopUITests;
			productName = VideoLoopUITests;
			productReference = C36BB3001DCE309200D07F7A /* VideoLoopUITests.xctest */;
			productType = "com.apple.product-type.bundle.ui-testing";
		};
/* End PBXNativeTarget section */

/* Begin PBXProject section */
		C36BB2D91DCE309100D07F7A /* Project object */ = {
			isa = PBXProject;
			attributes = {
				LastSwiftUpdateCheck = 0800;
				LastUpgradeCheck = 0810;
				ORGANIZATIONNAME = "Pi Dynamics";
				TargetAttributes = {
					C36BB2E01DCE309100D07F7A = {
						CreatedOnToolsVersion = 8.0;
						DevelopmentTeam = FE564LHY5H;
						LastSwiftMigration = 0800;
						ProvisioningStyle = Automatic;
					};
					C36BB2F41DCE309200D07F7A = {
						CreatedOnToolsVersion = 8.0;
						DevelopmentTeam = FE564LHY5H;
						ProvisioningStyle = Automatic;
						TestTargetID = C36BB2E01DCE309100D07F7A;
					};
					C36BB2FF1DCE309200D07F7A = {
						CreatedOnToolsVersion = 8.0;
						DevelopmentTeam = FE564LHY5H;
						ProvisioningStyle = Automatic;
						TestTargetID = C36BB2E01DCE309100D07F7A;
					};
				};
			};
			buildConfigurationList = C36BB2DC1DCE309100D07F7A /* Build configuration list for PBXProject "VideoLoop" */;
			compatibilityVersion = "Xcode 3.2";
			developmentRegion = English;
			hasScannedForEncodings = 0;
			knownRegions = (
				en,
				Base,
			);
			mainGroup = C36BB2D81DCE309100D07F7A;
			productRefGroup = C36BB2E21DCE309100D07F7A /* Products */;
			projectDirPath = "";
			projectRoot = "";
			targets = (
				C36BB2E01DCE309100D07F7A /* VideoLoop */,
				C36BB2F41DCE309200D07F7A /* VideoLoopTests */,
				C36BB2FF1DCE309200D07F7A /* VideoLoopUITests */,
			);
		};
/* End PBXProject section */

/* Begin PBXResourcesBuildPhase section */
		C36BB2DF1DCE309100D07F7A /* Resources */ = {
			isa = PBXResourcesBuildPhase;
			buildActionMask = 2147483647;
			files = (
				C38F97371DCE3FF000BD113D /* Museo500-Regular.otf in Resources */,
				C38F972C1DCE384100BD113D /* Default-568h@2x.png in Resources */,
				C38F97351DCE3FF000BD113D /* btnRegister.png in Resources */,
				C38F97381DCE3FF000BD113D /* test.mp4 in Resources */,
				C38F97361DCE3FF000BD113D /* btnSignin.png in Resources */,
			);
			runOnlyForDeploymentPostprocessing = 0;
		};
		C36BB2F31DCE309200D07F7A /* Resources */ = {
			isa = PBXResourcesBuildPhase;
			buildActionMask = 2147483647;
			files = (
			);
			runOnlyForDeploymentPostprocessing = 0;
		};
		C36BB2FE1DCE309200D07F7A /* Resources */ = {
			isa = PBXResourcesBuildPhase;
			buildActionMask = 2147483647;
			files = (
			);
			runOnlyForDeploymentPostprocessing = 0;
		};
/* End PBXResourcesBuildPhase section */

/* Begin PBXSourcesBuildPhase section */
		C36BB2DD1DCE309100D07F7A /* Sources */ = {
			isa = PBXSourcesBuildPhase;
			buildActionMask = 2147483647;
			files = (
				C36BB2E71DCE309100D07F7A /* ViewController.swift in Sources */,
				C38F97301DCE384A00BD113D /* VideoLoopController.swift in Sources */,
				C38F972F1DCE384A00BD113D /* Trimmer.swift in Sources */,
				C36BB2E51DCE309100D07F7A /* AppDelegate.swift in Sources */,
			);
			runOnlyForDeploymentPostprocessing = 0;
		};
		C36BB2F11DCE309200D07F7A /* Sources */ = {
			isa = PBXSourcesBuildPhase;
			buildActionMask = 2147483647;
			files = (
				C36BB2FA1DCE309200D07F7A /* VideoLoopTests.swift in Sources */,
			);
			runOnlyForDeploymentPostprocessing = 0;
		};
		C36BB2FC1DCE309200D07F7A /* Sources */ = {
			isa = PBXSourcesBuildPhase;
			buildActionMask = 2147483647;
			files = (
				C36BB3051DCE309200D07F7A /* VideoLoopUITests.swift in Sources */,
			);
			runOnlyForDeploymentPostprocessing = 0;
		};
/* End PBXSourcesBuildPhase section */

/* Begin PBXTargetDependency section */
		C36BB2F71DCE309200D07F7A /* PBXTargetDependency */ = {
			isa = PBXTargetDependency;
			target = C36BB2E01DCE309100D07F7A /* VideoLoop */;
			targetProxy = C36BB2F61DCE309200D07F7A /* PBXContainerItemProxy */;
		};
		C36BB3021DCE309200D07F7A /* PBXTargetDependency */ = {
			isa = PBXTargetDependency;
			target = C36BB2E01DCE309100D07F7A /* VideoLoop */;
			targetProxy = C36BB3011DCE309200D07F7A /* PBXContainerItemProxy */;
		};
/* End PBXTargetDependency section */

/* Begin XCBuildConfiguration section */
		C36BB3071DCE309200D07F7A /* Debug */ = {
			isa = XCBuildConfiguration;
			buildSettings = {
				ALWAYS_SEARCH_USER_PATHS = NO;
				CLANG_ANALYZER_NONNULL = YES;
				CLANG_CXX_LANGUAGE_STANDARD = "gnu++0x";
				CLANG_CXX_LIBRARY = "libc++";
				CLANG_ENABLE_MODULES = YES;
				CLANG_ENABLE_OBJC_ARC = YES;
				CLANG_WARN_BOOL_CONVERSION = YES;
				CLANG_WARN_CONSTANT_CONVERSION = YES;
				CLANG_WARN_DIRECT_OBJC_ISA_USAGE = YES_ERROR;
				CLANG_WARN_DOCUMENTATION_COMMENTS = YES;
				CLANG_WARN_EMPTY_BODY = YES;
				CLANG_WARN_ENUM_CONVERSION = YES;
				CLANG_WARN_INFINITE_RECURSION = YES;
				CLANG_WARN_INT_CONVERSION = YES;
				CLANG_WARN_OBJC_ROOT_CLASS = YES_ERROR;
				CLANG_WARN_SUSPICIOUS_MOVE = YES;
				CLANG_WARN_SUSPICIOUS_MOVES = YES;
				CLANG_WARN_UNREACHABLE_CODE = YES;
				CLANG_WARN__DUPLICATE_METHOD_MATCH = YES;
				"CODE_SIGN_IDENTITY[sdk=iphoneos*]" = "iPhone Developer";
				COPY_PHASE_STRIP = NO;
				DEBUG_INFORMATION_FORMAT = dwarf;
				ENABLE_STRICT_OBJC_MSGSEND = YES;
				ENABLE_TESTABILITY = YES;
				GCC_C_LANGUAGE_STANDARD = gnu99;
				GCC_DYNAMIC_NO_PIC = NO;
				GCC_NO_COMMON_BLOCKS = YES;
				GCC_OPTIMIZATION_LEVEL = 0;
				GCC_PREPROCESSOR_DEFINITIONS = (
					"DEBUG=1",
					"$(inherited)",
				);
				GCC_WARN_64_TO_32_BIT_CONVERSION = YES;
				GCC_WARN_ABOUT_RETURN_TYPE = YES_ERROR;
				GCC_WARN_UNDECLARED_SELECTOR = YES;
				GCC_WARN_UNINITIALIZED_AUTOS = YES_AGGRESSIVE;
				GCC_WARN_UNUSED_FUNCTION = YES;
				GCC_WARN_UNUSED_VARIABLE = YES;
				IPHONEOS_DEPLOYMENT_TARGET = 9.0;
				MTL_ENABLE_DEBUG_INFO = YES;
				ONLY_ACTIVE_ARCH = YES;
				SDKROOT = iphoneos;
				SWIFT_ACTIVE_COMPILATION_CONDITIONS = DEBUG;
				SWIFT_OPTIMIZATION_LEVEL = "-Onone";
				TARGETED_DEVICE_FAMILY = "1,2";
			};
			name = Debug;
		};
		C36BB3081DCE309200D07F7A /* Release */ = {
			isa = XCBuildConfiguration;
			buildSettings = {
				ALWAYS_SEARCH_USER_PATHS = NO;
				CLANG_ANALYZER_NONNULL = YES;
				CLANG_CXX_LANGUAGE_STANDARD = "gnu++0x";
				CLANG_CXX_LIBRARY = "libc++";
				CLANG_ENABLE_MODULES = YES;
				CLANG_ENABLE_OBJC_ARC = YES;
				CLANG_WARN_BOOL_CONVERSION = YES;
				CLANG_WARN_CONSTANT_CONVERSION = YES;
				CLANG_WARN_DIRECT_OBJC_ISA_USAGE = YES_ERROR;
				CLANG_WARN_DOCUMENTATION_COMMENTS = YES;
				CLANG_WARN_EMPTY_BODY = YES;
				CLANG_WARN_ENUM_CONVERSION = YES;
				CLANG_WARN_INFINITE_RECURSION = YES;
				CLANG_WARN_INT_CONVERSION = YES;
				CLANG_WARN_OBJC_ROOT_CLASS = YES_ERROR;
				CLANG_WARN_SUSPICIOUS_MOVE = YES;
				CLANG_WARN_SUSPICIOUS_MOVES = YES;
				CLANG_WARN_UNREACHABLE_CODE = YES;
				CLANG_WARN__DUPLICATE_METHOD_MATCH = YES;
				"CODE_SIGN_IDENTITY[sdk=iphoneos*]" = "iPhone Developer";
				COPY_PHASE_STRIP = NO;
				DEBUG_INFORMATION_FORMAT = "dwarf-with-dsym";
				ENABLE_NS_ASSERTIONS = NO;
				ENABLE_STRICT_OBJC_MSGSEND = YES;
				GCC_C_LANGUAGE_STANDARD = gnu99;
				GCC_NO_COMMON_BLOCKS = YES;
				GCC_WARN_64_TO_32_BIT_CONVERSION = YES;
				GCC_WARN_ABOUT_RETURN_TYPE = YES_ERROR;
				GCC_WARN_UNDECLARED_SELECTOR = YES;
				GCC_WARN_UNINITIALIZED_AUTOS = YES_AGGRESSIVE;
				GCC_WARN_UNUSED_FUNCTION = YES;
				GCC_WARN_UNUSED_VARIABLE = YES;
				IPHONEOS_DEPLOYMENT_TARGET = 9.0;
				MTL_ENABLE_DEBUG_INFO = NO;
				SDKROOT = iphoneos;
				SWIFT_OPTIMIZATION_LEVEL = "-Owholemodule";
				TARGETED_DEVICE_FAMILY = "1,2";
				VALIDATE_PRODUCT = YES;
			};
			name = Release;
		};
		C36BB30A1DCE309200D07F7A /* Debug */ = {
			isa = XCBuildConfiguration;
			buildSettings = {
				DEVELOPMENT_TEAM = FE564LHY5H;
				INFOPLIST_FILE = VideoLoop/Info.plist;
				IPHONEOS_DEPLOYMENT_TARGET = 9.0;
				LD_RUNPATH_SEARCH_PATHS = "$(inherited) @executable_path/Frameworks";
				PRODUCT_BUNDLE_IDENTIFIER = com.pidynamics.VideoLoop;
				PRODUCT_NAME = "$(TARGET_NAME)";
				SWIFT_VERSION = 3.0;
				TARGETED_DEVICE_FAMILY = "1,2";
			};
			name = Debug;
		};
		C36BB30B1DCE309200D07F7A /* Release */ = {
			isa = XCBuildConfiguration;
			buildSettings = {
				DEVELOPMENT_TEAM = FE564LHY5H;
				INFOPLIST_FILE = VideoLoop/Info.plist;
				IPHONEOS_DEPLOYMENT_TARGET = 9.0;
				LD_RUNPATH_SEARCH_PATHS = "$(inherited) @executable_path/Frameworks";
				PRODUCT_BUNDLE_IDENTIFIER = com.pidynamics.VideoLoop;
				PRODUCT_NAME = "$(TARGET_NAME)";
				SWIFT_VERSION = 3.0;
				TARGETED_DEVICE_FAMILY = "1,2";
			};
			name = Release;
		};
		C36BB30D1DCE309200D07F7A /* Debug */ = {
			isa = XCBuildConfiguration;
			buildSettings = {
				ALWAYS_EMBED_SWIFT_STANDARD_LIBRARIES = YES;
				BUNDLE_LOADER = "$(TEST_HOST)";
				DEVELOPMENT_TEAM = FE564LHY5H;
				INFOPLIST_FILE = VideoLoopTests/Info.plist;
				LD_RUNPATH_SEARCH_PATHS = "$(inherited) @executable_path/Frameworks @loader_path/Frameworks";
				PRODUCT_BUNDLE_IDENTIFIER = com.pidynamics.VideoLoopTests;
				PRODUCT_NAME = "$(TARGET_NAME)";
				SWIFT_VERSION = 3.0;
				TEST_HOST = "$(BUILT_PRODUCTS_DIR)/VideoLoop.app/VideoLoop";
			};
			name = Debug;
		};
		C36BB30E1DCE309200D07F7A /* Release */ = {
			isa = XCBuildConfiguration;
			buildSettings = {
				ALWAYS_EMBED_SWIFT_STANDARD_LIBRARIES = YES;
				BUNDLE_LOADER = "$(TEST_HOST)";
				DEVELOPMENT_TEAM = FE564LHY5H;
				INFOPLIST_FILE = VideoLoopTests/Info.plist;
				LD_RUNPATH_SEARCH_PATHS = "$(inherited) @executable_path/Frameworks @loader_path/Frameworks";
				PRODUCT_BUNDLE_IDENTIFIER = com.pidynamics.VideoLoopTests;
				PRODUCT_NAME = "$(TARGET_NAME)";
				SWIFT_VERSION = 3.0;
				TEST_HOST = "$(BUILT_PRODUCTS_DIR)/VideoLoop.app/VideoLoop";
			};
			name = Release;
		};
		C36BB3101DCE309200D07F7A /* Debug */ = {
			isa = XCBuildConfiguration;
			buildSettings = {
				ALWAYS_EMBED_SWIFT_STANDARD_LIBRARIES = YES;
				DEVELOPMENT_TEAM = FE564LHY5H;
				INFOPLIST_FILE = VideoLoopUITests/Info.plist;
				LD_RUNPATH_SEARCH_PATHS = "$(inherited) @executable_path/Frameworks @loader_path/Frameworks";
				PRODUCT_BUNDLE_IDENTIFIER = com.pidynamics.VideoLoopUITests;
				PRODUCT_NAME = "$(TARGET_NAME)";
				SWIFT_VERSION = 3.0;
				TEST_TARGET_NAME = VideoLoop;
			};
			name = Debug;
		};
		C36BB3111DCE309200D07F7A /* Release */ = {
			isa = XCBuildConfiguration;
			buildSettings = {
				ALWAYS_EMBED_SWIFT_STANDARD_LIBRARIES = YES;
				DEVELOPMENT_TEAM = FE564LHY5H;
				INFOPLIST_FILE = VideoLoopUITests/Info.plist;
				LD_RUNPATH_SEARCH_PATHS = "$(inherited) @executable_path/Frameworks @loader_path/Frameworks";
				PRODUCT_BUNDLE_IDENTIFIER = com.pidynamics.VideoLoopUITests;
				PRODUCT_NAME = "$(TARGET_NAME)";
				SWIFT_VERSION = 3.0;
				TEST_TARGET_NAME = VideoLoop;
			};
			name = Release;
		};
/* End XCBuildConfiguration section */

/* Begin XCConfigurationList section */
		C36BB2DC1DCE309100D07F7A /* Build configuration list for PBXProject "VideoLoop" */ = {
			isa = XCConfigurationList;
			buildConfigurations = (
				C36BB3071DCE309200D07F7A /* Debug */,
				C36BB3081DCE309200D07F7A /* Release */,
			);
			defaultConfigurationIsVisible = 0;
			defaultConfigurationName = Release;
		};
		C36BB3091DCE309200D07F7A /* Build configuration list for PBXNativeTarget "VideoLoop" */ = {
			isa = XCConfigurationList;
			buildConfigurations = (
				C36BB30A1DCE309200D07F7A /* Debug */,
				C36BB30B1DCE309200D07F7A /* Release */,
			);
			defaultConfigurationIsVisible = 0;
			defaultConfigurationName = Release;
		};
		C36BB30C1DCE309200D07F7A /* Build configuration list for PBXNativeTarget "VideoLoopTests" */ = {
			isa = XCConfigurationList;
			buildConfigurations = (
				C36BB30D1DCE309200D07F7A /* Debug */,
				C36BB30E1DCE309200D07F7A /* Release */,
			);
			defaultConfigurationIsVisible = 0;
			defaultConfigurationName = Release;
		};
		C36BB30F1DCE309200D07F7A /* Build configuration list for PBXNativeTarget "VideoLoopUITests" */ = {
			isa = XCConfigurationList;
			buildConfigurations = (
				C36BB3101DCE309200D07F7A /* Debug */,
				C36BB3111DCE309200D07F7A /* Release */,
			);
			defaultConfigurationIsVisible = 0;
			defaultConfigurationName = Release;
		};
/* End XCConfigurationList section */
	};
	rootObject = C36BB2D91DCE309100D07F7A /* Project object */;
}
